
Microsoft Visual Studio Solution File, Format Version 11.00
# Visual Studio 2010
Project("{FAE04EC0-301F-11D3-BF4B-00C04F79EFBC}") = "Maze", "Maze\Maze.csproj", "{5146C9FF-4381-4E9A-9882-8115D0D6169A}"
EndProject
Global
	GlobalSection(SolutionConfigurationPlatforms) = preSolution
		Debug|x86 = Debug|x86
		Release|x86 = Release|x86
	EndGlobalSection
	GlobalSection(ProjectConfigurationPlatforms) = postSolution
		{5146C9FF-4381-4E9A-9882-8115D0D6169A}.Debug|x86.ActiveCfg = Debug|x86
		{5146C9FF-4381-4E9A-9882-8115D0D6169A}.Debug|x86.Build.0 = Debug|x86
		{5146C9FF-4381-4E9A-9882-8115D0D6169A}.Release|x86.ActiveCfg = Release|x86
		{5146C9FF-4381-4E9A-9882-8115D0D6169A}.Release|x86.Build.0 = Release|x86
	EndGlobalSection
	GlobalSection(SolutionProperties) = preSolution
		HideSolutionNode = FALSE
	EndGlobalSection
EndGlobal
